
Microsoft Visual Studio Solution File, Format Version 12.00
# Visual Studio Version 17
VisualStudioVersion = 17.0.32014.148
MinimumVisualStudioVersion = 10.0.40219.1
Project("{9A19103F-16F7-4668-BE54-9A1E7A4F7556}") = "Kugar.Payment.Common", "Kugar.Payment.Common\Kugar.Payment.Common.csproj", "{15E9B473-9A5F-412D-A7E7-D8DFAB242C01}"
EndProject
Project("{9A19103F-16F7-4668-BE54-9A1E7A4F7556}") = "Kugar.Payment.Wechatpay", "Kugar.Payment.Wechatpay\Kugar.Payment.Wechatpay.csproj", "{C4523954-90C2-43E7-BD71-BE06F1077DD9}"
EndProject
Project("{9A19103F-16F7-4668-BE54-9A1E7A4F7556}") = "Kugar.Payment.Alipay", "Kugar.Payment.Alipay\Kugar.Payment.Alipay.csproj", "{8AB60C79-2314-4379-8160-4714F9E56585}"
EndProject
Project("{9A19103F-16F7-4668-BE54-9A1E7A4F7556}") = "Kugar.Payment.DragonPay", "Kugar.Payment.DragonPay\Kugar.Payment.DragonPay.csproj", "{40B983F7-0C40-4B12-85A4-D35ACA64814F}"
EndProject
Project("{9A19103F-16F7-4668-BE54-9A1E7A4F7556}") = "Kugar.Payment.Wechatpay.Web", "Kugar.Payment.Wechatpay.Web\Kugar.Payment.Wechatpay.Web.csproj", "{CFDD7106-A7A1-4B2F-85E9-486CE33A90B4}"
EndProject
Project("{FAE04EC0-301F-11D3-BF4B-00C04F79EFBC}") = "Kugar.Payment.Alipay.Web", "Kugar.Payment.Alipay.Web\Kugar.Payment.Alipay.Web.csproj", "{E898B22C-FF95-4556-B2A3-963F90522AFE}"
EndProject
Global
	GlobalSection(SolutionConfigurationPlatforms) = preSolution
		Debug|Any CPU = Debug|Any CPU
		Release|Any CPU = Release|Any CPU
	EndGlobalSection
	GlobalSection(ProjectConfigurationPlatforms) = postSolution
		{15E9B473-9A5F-412D-A7E7-D8DFAB242C01}.Debug|Any CPU.ActiveCfg = Debug|Any CPU
		{15E9B473-9A5F-412D-A7E7-D8DFAB242C01}.Debug|Any CPU.Build.0 = Debug|Any CPU
		{15E9B473-9A5F-412D-A7E7-D8DFAB242C01}.Release|Any CPU.ActiveCfg = Release|Any CPU
		{15E9B473-9A5F-412D-A7E7-D8DFAB242C01}.Release|Any CPU.Build.0 = Release|Any CPU
		{C4523954-90C2-43E7-BD71-BE06F1077DD9}.Debug|Any CPU.ActiveCfg = Debug|Any CPU
		{C4523954-90C2-43E7-BD71-BE06F1077DD9}.Debug|Any CPU.Build.0 = Debug|Any CPU
		{C4523954-90C2-43E7-BD71-BE06F1077DD9}.Release|Any CPU.ActiveCfg = Release|Any CPU
		{C4523954-90C2-43E7-BD71-BE06F1077DD9}.Release|Any CPU.Build.0 = Release|Any CPU
		{8AB60C79-2314-4379-8160-4714F9E56585}.Debug|Any CPU.ActiveCfg = Debug|Any CPU
		{8AB60C79-2314-4379-8160-4714F9E56585}.Debug|Any CPU.Build.0 = Debug|Any CPU
		{8AB60C79-2314-4379-8160-4714F9E56585}.Release|Any CPU.ActiveCfg = Release|Any CPU
		{8AB60C79-2314-4379-8160-4714F9E56585}.Release|Any CPU.Build.0 = Release|Any CPU
		{40B983F7-0C40-4B12-85A4-D35ACA64814F}.Debug|Any CPU.ActiveCfg = Debug|Any CPU
		{40B983F7-0C40-4B12-85A4-D35ACA64814F}.Debug|Any CPU.Build.0 = Debug|Any CPU
		{40B983F7-0C40-4B12-85A4-D35ACA64814F}.Release|Any CPU.ActiveCfg = Release|Any CPU
		{40B983F7-0C40-4B12-85A4-D35ACA64814F}.Release|Any CPU.Build.0 = Release|Any CPU
		{CFDD7106-A7A1-4B2F-85E9-486CE33A90B4}.Debug|Any CPU.ActiveCfg = Debug|Any CPU
		{CFDD7106-A7A1-4B2F-85E9-486CE33A90B4}.Debug|Any CPU.Build.0 = Debug|Any CPU
		{CFDD7106-A7A1-4B2F-85E9-486CE33A90B4}.Release|Any CPU.ActiveCfg = Release|Any CPU
		{CFDD7106-A7A1-4B2F-85E9-486CE33A90B4}.Release|Any CPU.Build.0 = Release|Any CPU
		{E898B22C-FF95-4556-B2A3-963F90522AFE}.Debug|Any CPU.ActiveCfg = Debug|Any CPU
		{E898B22C-FF95-4556-B2A3-963F90522AFE}.Debug|Any CPU.Build.0 = Debug|Any CPU
		{E898B22C-FF95-4556-B2A3-963F90522AFE}.Release|Any CPU.ActiveCfg = Release|Any CPU
		{E898B22C-FF95-4556-B2A3-963F90522AFE}.Release|Any CPU.Build.0 = Release|Any CPU
	EndGlobalSection
	GlobalSection(SolutionProperties) = preSolution
		HideSolutionNode = FALSE
	EndGlobalSection
	GlobalSection(ExtensibilityGlobals) = postSolution
		SolutionGuid = {FC904799-85A8-45DA-80D9-FC3FB4608B2E}
	EndGlobalSection
EndGlobal
